
Microsoft Visual Studio Solution File, Format Version 12.00
# Visual Studio Version 16
VisualStudioVersion = 16.0.30907.101
MinimumVisualStudioVersion = 10.0.40219.1
Project("{9A19103F-16F7-4668-BE54-9A1E7A4F7556}") = "Antiproton", "Antiproton\Antiproton.csproj", "{FE5BCC78-652D-43FD-AF35-A629E345DB00}"
EndProject
Project("{9A19103F-16F7-4668-BE54-9A1E7A4F7556}") = "Tests", "Tests\Tests.csproj", "{C059E987-8C2E-4555-8BF6-F5E73F1A111D}"
EndProject
Project("{9A19103F-16F7-4668-BE54-9A1E7A4F7556}") = "Logger", "Logger\Logger.csproj", "{0734E28D-1B2F-46C8-848D-95C8824ED772}"
EndProject
Project("{9A19103F-16F7-4668-BE54-9A1E7A4F7556}") = "Entities", "Entities\Entities.csproj", "{72CB923B-BFC6-46B9-B51A-0E6DC76BBE48}"
EndProject
Project("{9A19103F-16F7-4668-BE54-9A1E7A4F7556}") = "TestBases", "TestBases\TestBases.csproj", "{D5E2949F-C837-4A86-979D-5D0ADC671339}"
EndProject
Project("{9A19103F-16F7-4668-BE54-9A1E7A4F7556}") = "Helpers", "Helpers\Helpers.csproj", "{DB1FB94E-19FF-4155-B8E5-E2612DDE4502}"
EndProject
Global
	GlobalSection(SolutionConfigurationPlatforms) = preSolution
		Debug|Any CPU = Debug|Any CPU
		Release|Any CPU = Release|Any CPU
	EndGlobalSection
	GlobalSection(ProjectConfigurationPlatforms) = postSolution
		{FE5BCC78-652D-43FD-AF35-A629E345DB00}.Debug|Any CPU.ActiveCfg = Debug|Any CPU
		{FE5BCC78-652D-43FD-AF35-A629E345DB00}.Debug|Any CPU.Build.0 = Debug|Any CPU
		{FE5BCC78-652D-43FD-AF35-A629E345DB00}.Release|Any CPU.ActiveCfg = Release|Any CPU
		{FE5BCC78-652D-43FD-AF35-A629E345DB00}.Release|Any CPU.Build.0 = Release|Any CPU
		{C059E987-8C2E-4555-8BF6-F5E73F1A111D}.Debug|Any CPU.ActiveCfg = Debug|Any CPU
		{C059E987-8C2E-4555-8BF6-F5E73F1A111D}.Debug|Any CPU.Build.0 = Debug|Any CPU
		{C059E987-8C2E-4555-8BF6-F5E73F1A111D}.Release|Any CPU.ActiveCfg = Release|Any CPU
		{C059E987-8C2E-4555-8BF6-F5E73F1A111D}.Release|Any CPU.Build.0 = Release|Any CPU
		{0734E28D-1B2F-46C8-848D-95C8824ED772}.Debug|Any CPU.ActiveCfg = Debug|Any CPU
		{0734E28D-1B2F-46C8-848D-95C8824ED772}.Debug|Any CPU.Build.0 = Debug|Any CPU
		{0734E28D-1B2F-46C8-848D-95C8824ED772}.Release|Any CPU.ActiveCfg = Release|Any CPU
		{0734E28D-1B2F-46C8-848D-95C8824ED772}.Release|Any CPU.Build.0 = Release|Any CPU
		{72CB923B-BFC6-46B9-B51A-0E6DC76BBE48}.Debug|Any CPU.ActiveCfg = Debug|Any CPU
		{72CB923B-BFC6-46B9-B51A-0E6DC76BBE48}.Debug|Any CPU.Build.0 = Debug|Any CPU
		{72CB923B-BFC6-46B9-B51A-0E6DC76BBE48}.Release|Any CPU.ActiveCfg = Release|Any CPU
		{72CB923B-BFC6-46B9-B51A-0E6DC76BBE48}.Release|Any CPU.Build.0 = Release|Any CPU
		{D5E2949F-C837-4A86-979D-5D0ADC671339}.Debug|Any CPU.ActiveCfg = Debug|Any CPU
		{D5E2949F-C837-4A86-979D-5D0ADC671339}.Debug|Any CPU.Build.0 = Debug|Any CPU
		{D5E2949F-C837-4A86-979D-5D0ADC671339}.Release|Any CPU.ActiveCfg = Release|Any CPU
		{D5E2949F-C837-4A86-979D-5D0ADC671339}.Release|Any CPU.Build.0 = Release|Any CPU
		{DB1FB94E-19FF-4155-B8E5-E2612DDE4502}.Debug|Any CPU.ActiveCfg = Debug|Any CPU
		{DB1FB94E-19FF-4155-B8E5-E2612DDE4502}.Debug|Any CPU.Build.0 = Debug|Any CPU
		{DB1FB94E-19FF-4155-B8E5-E2612DDE4502}.Release|Any CPU.ActiveCfg = Release|Any CPU
		{DB1FB94E-19FF-4155-B8E5-E2612DDE4502}.Release|Any CPU.Build.0 = Release|Any CPU
	EndGlobalSection
	GlobalSection(SolutionProperties) = preSolution
		HideSolutionNode = FALSE
	EndGlobalSection
	GlobalSection(ExtensibilityGlobals) = postSolution
		SolutionGuid = {E94F8AA3-4205-4B6F-A898-403CD46DC615}
	EndGlobalSection
EndGlobal
